// !$*UTF8*$!
{
	archiveVersion = 1;
	classes = {
	};
	objectVersion = 46;
	objects = {

/* Begin PBXBuildFile section */
		39852E2B1A98969C005DE617 /* main.m in Sources */ = {isa = PBXBuildFile; fileRef = 39852E2A1A98969C005DE617 /* main.m */; };
		39852E2E1A98969C005DE617 /* AppDelegate.m in Sources */ = {isa = PBXBuildFile; fileRef = 39852E2D1A98969C005DE617 /* AppDelegate.m */; };
		39852E311A98969C005DE617 /* MapViewController.m in Sources */ = {isa = PBXBuildFile; fileRef = 39852E301A98969C005DE617 /* MapViewController.m */; };
		39852E341A98969C005DE617 /* Main.storyboard in Resources */ = {isa = PBXBuildFile; fileRef = 39852E321A98969C005DE617 /* Main.storyboard */; };
		39852E361A98969C005DE617 /* Images.xcassets in Resources */ = {isa = PBXBuildFile; fileRef = 39852E351A98969C005DE617 /* Images.xcassets */; };
		39852E391A98969C005DE617 /* LaunchScreen.xib in Resources */ = {isa = PBXBuildFile; fileRef = 39852E371A98969C005DE617 /* LaunchScreen.xib */; };
		39852E451A98969C005DE617 /* poopiOSTests.m in Sources */ = {isa = PBXBuildFile; fileRef = 39852E441A98969C005DE617 /* poopiOSTests.m */; };
		E7AC75851A989D0E00072E97 /* Bathroom.m in Sources */ = {isa = PBXBuildFile; fileRef = E7AC75841A989D0E00072E97 /* Bathroom.m */; };
/* End PBXBuildFile section */

/* Begin PBXContainerItemProxy section */
		39852E3F1A98969C005DE617 /* PBXContainerItemProxy */ = {
			isa = PBXContainerItemProxy;
			containerPortal = 39852E1D1A98969C005DE617 /* Project object */;
			proxyType = 1;
			remoteGlobalIDString = 39852E241A98969C005DE617;
			remoteInfo = poopiOS;
		};
/* End PBXContainerItemProxy section */

/* Begin PBXFileReference section */
		39852E251A98969C005DE617 /* poopiOS.app */ = {isa = PBXFileReference; explicitFileType = wrapper.application; includeInIndex = 0; path = poopiOS.app; sourceTree = BUILT_PRODUCTS_DIR; };
		39852E291A98969C005DE617 /* Info.plist */ = {isa = PBXFileReference; lastKnownFileType = text.plist.xml; path = Info.plist; sourceTree = "<group>"; };
		39852E2A1A98969C005DE617 /* main.m */ = {isa = PBXFileReference; lastKnownFileType = sourcecode.c.objc; path = main.m; sourceTree = "<group>"; };
		39852E2C1A98969C005DE617 /* AppDelegate.h */ = {isa = PBXFileReference; lastKnownFileType = sourcecode.c.h; path = AppDelegate.h; sourceTree = "<group>"; };
		39852E2D1A98969C005DE617 /* AppDelegate.m */ = {isa = PBXFileReference; lastKnownFileType = sourcecode.c.objc; path = AppDelegate.m; sourceTree = "<group>"; };
		39852E2F1A98969C005DE617 /* MapViewController.h */ = {isa = PBXFileReference; lastKnownFileType = sourcecode.c.h; path = MapViewController.h; sourceTree = "<group>"; };
		39852E301A98969C005DE617 /* MapViewController.m */ = {isa = PBXFileReference; lastKnownFileType = sourcecode.c.objc; path = MapViewController.m; sourceTree = "<group>"; };
		39852E331A98969C005DE617 /* Base */ = {isa = PBXFileReference; lastKnownFileType = file.storyboard; name = Base; path = Base.lproj/Main.storyboard; sourceTree = "<group>"; };
		39852E351A98969C005DE617 /* Images.xcassets */ = {isa = PBXFileReference; lastKnownFileType = folder.assetcatalog; path = Images.xcassets; sourceTree = "<group>"; };
		39852E381A98969C005DE617 /* Base */ = {isa = PBXFileReference; lastKnownFileType = file.xib; name = Base; path = Base.lproj/LaunchScreen.xib; sourceTree = "<group>"; };
		39852E3E1A98969C005DE617 /* poopiOSTests.xctest */ = {isa = PBXFileReference; explicitFileType = wrapper.cfbundle; includeInIndex = 0; path = poopiOSTests.xctest; sourceTree = BUILT_PRODUCTS_DIR; };
		39852E431A98969C005DE617 /* Info.plist */ = {isa = PBXFileReference; lastKnownFileType = text.plist.xml; path = Info.plist; sourceTree = "<group>"; };
		39852E441A98969C005DE617 /* poopiOSTests.m */ = {isa = PBXFileReference; lastKnownFileType = sourcecode.c.objc; path = poopiOSTests.m; sourceTree = "<group>"; };
		E7AC75831A989D0E00072E97 /* Bathroom.h */ = {isa = PBXFileReference; fileEncoding = 4; lastKnownFileType = sourcecode.c.h; path = Bathroom.h; sourceTree = "<group>"; };
		E7AC75841A989D0E00072E97 /* Bathroom.m */ = {isa = PBXFileReference; fileEncoding = 4; lastKnownFileType = sourcecode.c.objc; path = Bathroom.m; sourceTree = "<group>"; };
/* End PBXFileReference section */

/* Begin PBXFrameworksBuildPhase section */
		39852E221A98969C005DE617 /* Frameworks */ = {
			isa = PBXFrameworksBuildPhase;
			buildActionMask = 2147483647;
			files = (
			);
			runOnlyForDeploymentPostprocessing = 0;
		};
		39852E3B1A98969C005DE617 /* Frameworks */ = {
			isa = PBXFrameworksBuildPhase;
			buildActionMask = 2147483647;
			files = (
			);
			runOnlyForDeploymentPostprocessing = 0;
		};
/* End PBXFrameworksBuildPhase section */

/* Begin PBXGroup section */
		39852E1C1A98969C005DE617 = {
			isa = PBXGroup;
			children = (
				39852E271A98969C005DE617 /* poopiOS */,
				39852E411A98969C005DE617 /* poopiOSTests */,
				39852E261A98969C005DE617 /* Products */,
			);
			sourceTree = "<group>";
		};
		39852E261A98969C005DE617 /* Products */ = {
			isa = PBXGroup;
			children = (
				39852E251A98969C005DE617 /* poopiOS.app */,
				39852E3E1A98969C005DE617 /* poopiOSTests.xctest */,
			);
			name = Products;
			sourceTree = "<group>";
		};
		39852E271A98969C005DE617 /* poopiOS */ = {
			isa = PBXGroup;
			children = (
				E7AC75821A98979E00072E97 /* AppDelegate */,
				39852E2F1A98969C005DE617 /* MapViewController.h */,
				39852E301A98969C005DE617 /* MapViewController.m */,
				39852E321A98969C005DE617 /* Main.storyboard */,
				39852E351A98969C005DE617 /* Images.xcassets */,
				39852E371A98969C005DE617 /* LaunchScreen.xib */,
				E7AC75861A989D1300072E97 /* Models */,
				39852E281A98969C005DE617 /* Supporting Files */,
			);
			path = poopiOS;
			sourceTree = "<group>";
		};
		39852E281A98969C005DE617 /* Supporting Files */ = {
			isa = PBXGroup;
			children = (
				39852E291A98969C005DE617 /* Info.plist */,
				39852E2A1A98969C005DE617 /* main.m */,
			);
			name = "Supporting Files";
			sourceTree = "<group>";
		};
		39852E411A98969C005DE617 /* poopiOSTests */ = {
			isa = PBXGroup;
			children = (
				39852E441A98969C005DE617 /* poopiOSTests.m */,
				39852E421A98969C005DE617 /* Supporting Files */,
			);
			path = poopiOSTests;
			sourceTree = "<group>";
		};
		39852E421A98969C005DE617 /* Supporting Files */ = {
			isa = PBXGroup;
			children = (
				39852E431A98969C005DE617 /* Info.plist */,
			);
			name = "Supporting Files";
			sourceTree = "<group>";
		};
		E7AC75821A98979E00072E97 /* AppDelegate */ = {
			isa = PBXGroup;
			children = (
				39852E2C1A98969C005DE617 /* AppDelegate.h */,
				39852E2D1A98969C005DE617 /* AppDelegate.m */,
			);
			name = AppDelegate;
			sourceTree = "<group>";
		};
		E7AC75861A989D1300072E97 /* Models */ = {
			isa = PBXGroup;
			children = (
				E7AC75831A989D0E00072E97 /* Bathroom.h */,
				E7AC75841A989D0E00072E97 /* Bathroom.m */,
			);
			name = Models;
			sourceTree = "<group>";
		};
/* End PBXGroup section */

/* Begin PBXNativeTarget section */
		39852E241A98969C005DE617 /* poopiOS */ = {
			isa = PBXNativeTarget;
			buildConfigurationList = 39852E481A98969C005DE617 /* Build configuration list for PBXNativeTarget "poopiOS" */;
			buildPhases = (
				39852E211A98969C005DE617 /* Sources */,
				39852E221A98969C005DE617 /* Frameworks */,
				39852E231A98969C005DE617 /* Resources */,
			);
			buildRules = (
			);
			dependencies = (
			);
			name = poopiOS;
			productName = poopiOS;
			productReference = 39852E251A98969C005DE617 /* poopiOS.app */;
			productType = "com.apple.product-type.application";
		};
		39852E3D1A98969C005DE617 /* poopiOSTests */ = {
			isa = PBXNativeTarget;
			buildConfigurationList = 39852E4B1A98969C005DE617 /* Build configuration list for PBXNativeTarget "poopiOSTests" */;
			buildPhases = (
				39852E3A1A98969C005DE617 /* Sources */,
				39852E3B1A98969C005DE617 /* Frameworks */,
				39852E3C1A98969C005DE617 /* Resources */,
			);
			buildRules = (
			);
			dependencies = (
				39852E401A98969C005DE617 /* PBXTargetDependency */,
			);
			name = poopiOSTests;
			productName = poopiOSTests;
			productReference = 39852E3E1A98969C005DE617 /* poopiOSTests.xctest */;
			productType = "com.apple.product-type.bundle.unit-test";
		};
/* End PBXNativeTarget section */

/* Begin PBXProject section */
		39852E1D1A98969C005DE617 /* Project object */ = {
			isa = PBXProject;
			attributes = {
				LastUpgradeCheck = 0610;
				ORGANIZATIONNAME = Table21;
				TargetAttributes = {
					39852E241A98969C005DE617 = {
						CreatedOnToolsVersion = 6.1.1;
					};
					39852E3D1A98969C005DE617 = {
						CreatedOnToolsVersion = 6.1.1;
						TestTargetID = 39852E241A98969C005DE617;
					};
				};
			};
			buildConfigurationList = 39852E201A98969C005DE617 /* Build configuration list for PBXProject "poopiOS" */;
			compatibilityVersion = "Xcode 3.2";
			developmentRegion = English;
			hasScannedForEncodings = 0;
			knownRegions = (
				en,
				Base,
			);
			mainGroup = 39852E1C1A98969C005DE617;
			productRefGroup = 39852E261A98969C005DE617 /* Products */;
			projectDirPath = "";
			projectRoot = "";
			targets = (
				39852E241A98969C005DE617 /* poopiOS */,
				39852E3D1A98969C005DE617 /* poopiOSTests */,
			);
		};
/* End PBXProject section */

/* Begin PBXResourcesBuildPhase section */
		39852E231A98969C005DE617 /* Resources */ = {
			isa = PBXResourcesBuildPhase;
			buildActionMask = 2147483647;
			files = (
				39852E341A98969C005DE617 /* Main.storyboard in Resources */,
				39852E391A98969C005DE617 /* LaunchScreen.xib in Resources */,
				39852E361A98969C005DE617 /* Images.xcassets in Resources */,
			);
			runOnlyForDeploymentPostprocessing = 0;
		};
		39852E3C1A98969C005DE617 /* Resources */ = {
			isa = PBXResourcesBuildPhase;
			buildActionMask = 2147483647;
			files = (
			);
			runOnlyForDeploymentPostprocessing = 0;
		};
/* End PBXResourcesBuildPhase section */

/* Begin PBXSourcesBuildPhase section */
		39852E211A98969C005DE617 /* Sources */ = {
			isa = PBXSourcesBuildPhase;
			buildActionMask = 2147483647;
			files = (
				39852E311A98969C005DE617 /* MapViewController.m in Sources */,
				E7AC75851A989D0E00072E97 /* Bathroom.m in Sources */,
				39852E2E1A98969C005DE617 /* AppDelegate.m in Sources */,
				39852E2B1A98969C005DE617 /* main.m in Sources */,
			);
			runOnlyForDeploymentPostprocessing = 0;
		};
		39852E3A1A98969C005DE617 /* Sources */ = {
			isa = PBXSourcesBuildPhase;
			buildActionMask = 2147483647;
			files = (
				39852E451A98969C005DE617 /* poopiOSTests.m in Sources */,
			);
			runOnlyForDeploymentPostprocessing = 0;
		};
/* End PBXSourcesBuildPhase section */

/* Begin PBXTargetDependency section */
		39852E401A98969C005DE617 /* PBXTargetDependency */ = {
			isa = PBXTargetDependency;
			target = 39852E241A98969C005DE617 /* poopiOS */;
			targetProxy = 39852E3F1A98969C005DE617 /* PBXContainerItemProxy */;
		};
/* End PBXTargetDependency section */

/* Begin PBXVariantGroup section */
		39852E321A98969C005DE617 /* Main.storyboard */ = {
			isa = PBXVariantGroup;
			children = (
				39852E331A98969C005DE617 /* Base */,
			);
			name = Main.storyboard;
			sourceTree = "<group>";
		};
		39852E371A98969C005DE617 /* LaunchScreen.xib */ = {
			isa = PBXVariantGroup;
			children = (
				39852E381A98969C005DE617 /* Base */,
			);
			name = LaunchScreen.xib;
			sourceTree = "<group>";
		};
/* End PBXVariantGroup section */

/* Begin XCBuildConfiguration section */
		39852E461A98969C005DE617 /* Debug */ = {
			isa = XCBuildConfiguration;
			buildSettings = {
				ALWAYS_SEARCH_USER_PATHS = NO;
				CLANG_CXX_LANGUAGE_STANDARD = "gnu++0x";
				CLANG_CXX_LIBRARY = "libc++";
				CLANG_ENABLE_MODULES = YES;
				CLANG_ENABLE_OBJC_ARC = YES;
				CLANG_WARN_BOOL_CONVERSION = YES;
				CLANG_WARN_CONSTANT_CONVERSION = YES;
				CLANG_WARN_DIRECT_OBJC_ISA_USAGE = YES_ERROR;
				CLANG_WARN_EMPTY_BODY = YES;
				CLANG_WARN_ENUM_CONVERSION = YES;
				CLANG_WARN_INT_CONVERSION = YES;
				CLANG_WARN_OBJC_ROOT_CLASS = YES_ERROR;
				CLANG_WARN_UNREACHABLE_CODE = YES;
				CLANG_WARN__DUPLICATE_METHOD_MATCH = YES;
				"CODE_SIGN_IDENTITY[sdk=iphoneos*]" = "iPhone Developer";
				COPY_PHASE_STRIP = NO;
				ENABLE_STRICT_OBJC_MSGSEND = YES;
				GCC_C_LANGUAGE_STANDARD = gnu99;
				GCC_DYNAMIC_NO_PIC = NO;
				GCC_OPTIMIZATION_LEVEL = 0;
				GCC_PREPROCESSOR_DEFINITIONS = (
					"DEBUG=1",
					"$(inherited)",
				);
				GCC_SYMBOLS_PRIVATE_EXTERN = NO;
				GCC_WARN_64_TO_32_BIT_CONVERSION = YES;
				GCC_WARN_ABOUT_RETURN_TYPE = YES_ERROR;
				GCC_WARN_UNDECLARED_SELECTOR = YES;
				GCC_WARN_UNINITIALIZED_AUTOS = YES_AGGRESSIVE;
				GCC_WARN_UNUSED_FUNCTION = YES;
				GCC_WARN_UNUSED_VARIABLE = YES;
				IPHONEOS_DEPLOYMENT_TARGET = 8.1;
				MTL_ENABLE_DEBUG_INFO = YES;
				ONLY_ACTIVE_ARCH = YES;
				SDKROOT = iphoneos;
			};
			name = Debug;
		};
		39852E471A98969C005DE617 /* Release */ = {
			isa = XCBuildConfiguration;
			buildSettings = {
				ALWAYS_SEARCH_USER_PATHS = NO;
				CLANG_CXX_LANGUAGE_STANDARD = "gnu++0x";
				CLANG_CXX_LIBRARY = "libc++";
				CLANG_ENABLE_MODULES = YES;
				CLANG_ENABLE_OBJC_ARC = YES;
				CLANG_WARN_BOOL_CONVERSION = YES;
				CLANG_WARN_CONSTANT_CONVERSION = YES;
				CLANG_WARN_DIRECT_OBJC_ISA_USAGE = YES_ERROR;
				CLANG_WARN_EMPTY_BODY = YES;
				CLANG_WARN_ENUM_CONVERSION = YES;
				CLANG_WARN_INT_CONVERSION = YES;
				CLANG_WARN_OBJC_ROOT_CLASS = YES_ERROR;
				CLANG_WARN_UNREACHABLE_CODE = YES;
				CLANG_WARN__DUPLICATE_METHOD_MATCH = YES;
				"CODE_SIGN_IDENTITY[sdk=iphoneos*]" = "iPhone Developer";
				COPY_PHASE_STRIP = YES;
				ENABLE_NS_ASSERTIONS = NO;
				ENABLE_STRICT_OBJC_MSGSEND = YES;
				GCC_C_LANGUAGE_STANDARD = gnu99;
				GCC_WARN_64_TO_32_BIT_CONVERSION = YES;
				GCC_WARN_ABOUT_RETURN_TYPE = YES_ERROR;
				GCC_WARN_UNDECLARED_SELECTOR = YES;
				GCC_WARN_UNINITIALIZED_AUTOS = YES_AGGRESSIVE;
				GCC_WARN_UNUSED_FUNCTION = YES;
				GCC_WARN_UNUSED_VARIABLE = YES;
				IPHONEOS_DEPLOYMENT_TARGET = 8.1;
				MTL_ENABLE_DEBUG_INFO = NO;
				SDKROOT = iphoneos;
				VALIDATE_PRODUCT = YES;
			};
			name = Release;
		};
		39852E491A98969C005DE617 /* Debug */ = {
			isa = XCBuildConfiguration;
			buildSettings = {
				ASSETCATALOG_COMPILER_APPICON_NAME = AppIcon;
				INFOPLIST_FILE = poopiOS/Info.plist;
				LD_RUNPATH_SEARCH_PATHS = "$(inherited) @executable_path/Frameworks";
				PRODUCT_NAME = "$(TARGET_NAME)";
			};
			name = Debug;
		};
		39852E4A1A98969C005DE617 /* Release */ = {
			isa = XCBuildConfiguration;
			buildSettings = {
				ASSETCATALOG_COMPILER_APPICON_NAME = AppIcon;
				INFOPLIST_FILE = poopiOS/Info.plist;
				LD_RUNPATH_SEARCH_PATHS = "$(inherited) @executable_path/Frameworks";
				PRODUCT_NAME = "$(TARGET_NAME)";
			};
			name = Release;
		};
		39852E4C1A98969C005DE617 /* Debug */ = {
			isa = XCBuildConfiguration;
			buildSettings = {
				BUNDLE_LOADER = "$(TEST_HOST)";
				FRAMEWORK_SEARCH_PATHS = (
					"$(SDKROOT)/Developer/Library/Frameworks",
					"$(inherited)",
				);
				GCC_PREPROCESSOR_DEFINITIONS = (
					"DEBUG=1",
					"$(inherited)",
				);
				INFOPLIST_FILE = poopiOSTests/Info.plist;
				LD_RUNPATH_SEARCH_PATHS = "$(inherited) @executable_path/Frameworks @loader_path/Frameworks";
				PRODUCT_NAME = "$(TARGET_NAME)";
				TEST_HOST = "$(BUILT_PRODUCTS_DIR)/poopiOS.app/poopiOS";
			};
			name = Debug;
		};
		39852E4D1A98969C005DE617 /* Release */ = {
			isa = XCBuildConfiguration;
			buildSettings = {
				BUNDLE_LOADER = "$(TEST_HOST)";
				FRAMEWORK_SEARCH_PATHS = (
					"$(SDKROOT)/Developer/Library/Frameworks",
					"$(inherited)",
				);
				INFOPLIST_FILE = poopiOSTests/Info.plist;
				LD_RUNPATH_SEARCH_PATHS = "$(inherited) @executable_path/Frameworks @loader_path/Frameworks";
				PRODUCT_NAME = "$(TARGET_NAME)";
				TEST_HOST = "$(BUILT_PRODUCTS_DIR)/poopiOS.app/poopiOS";
			};
			name = Release;
		};
/* End XCBuildConfiguration section */

/* Begin XCConfigurationList section */
		39852E201A98969C005DE617 /* Build configuration list for PBXProject "poopiOS" */ = {
			isa = XCConfigurationList;
			buildConfigurations = (
				39852E461A98969C005DE617 /* Debug */,
				39852E471A98969C005DE617 /* Release */,
			);
			defaultConfigurationIsVisible = 0;
			defaultConfigurationName = Release;
		};
		39852E481A98969C005DE617 /* Build configuration list for PBXNativeTarget "poopiOS" */ = {
			isa = XCConfigurationList;
			buildConfigurations = (
				39852E491A98969C005DE617 /* Debug */,
				39852E4A1A98969C005DE617 /* Release */,
			);
			defaultConfigurationIsVisible = 0;
			defaultConfigurationName = Release;
		};
		39852E4B1A98969C005DE617 /* Build configuration list for PBXNativeTarget "poopiOSTests" */ = {
			isa = XCConfigurationList;
			buildConfigurations = (
				39852E4C1A98969C005DE617 /* Debug */,
				39852E4D1A98969C005DE617 /* Release */,
			);
			defaultConfigurationIsVisible = 0;
			defaultConfigurationName = Release;
		};
/* End XCConfigurationList section */
	};
	rootObject = 39852E1D1A98969C005DE617 /* Project object */;
}
